
Microsoft Visual Studio Solution File, Format Version 12.00
# Visual Studio Version 16
VisualStudioVersion = 16.0.31205.134
MinimumVisualStudioVersion = 10.0.40219.1
Project("{FAE04EC0-301F-11D3-BF4B-00C04F79EFBC}") = "WindowsNotify", "WindowsNotify.csproj", "{7BB05E25-7EA6-445E-AFE0-5FC0D6DEB022}"
EndProject
Global
	GlobalSection(SolutionConfigurationPlatforms) = preSolution
		Debug|Any CPU = Debug|Any CPU
		Release|Any CPU = Release|Any CPU
	EndGlobalSection
	GlobalSection(ProjectConfigurationPlatforms) = postSolution
		{7BB05E25-7EA6-445E-AFE0-5FC0D6DEB022}.Debug|Any CPU.ActiveCfg = Debug|Any CPU
		{7BB05E25-7EA6-445E-AFE0-5FC0D6DEB022}.Debug|Any CPU.Build.0 = Debug|Any CPU
		{7BB05E25-7EA6-445E-AFE0-5FC0D6DEB022}.Release|Any CPU.ActiveCfg = Release|Any CPU
		{7BB05E25-7EA6-445E-AFE0-5FC0D6DEB022}.Release|Any CPU.Build.0 = Release|Any CPU
	EndGlobalSection
	GlobalSection(SolutionProperties) = preSolution
		HideSolutionNode = FALSE
	EndGlobalSection
	GlobalSection(ExtensibilityGlobals) = postSolution
		SolutionGuid = {DF23E665-41D9-4189-825B-04383958FA2B}
	EndGlobalSection
EndGlobal
